
Microsoft Visual Studio Solution File, Format Version 12.00
# Visual Studio Version 17
VisualStudioVersion = 17.3.32804.467
MinimumVisualStudioVersion = 10.0.40219.1
Project("{9A19103F-16F7-4668-BE54-9A1E7A4F7556}") = "PTSLibrary", "PTSLibrary\PTSLibrary.csproj", "{D85EC140-F8DF-45F4-A2F7-AA77E717A233}"
EndProject
Project("{9A19103F-16F7-4668-BE54-9A1E7A4F7556}") = "test", "test\test.csproj", "{5C5BCB42-1BBA-4875-A361-AFCD82129166}"
EndProject
Project("{FAE04EC0-301F-11D3-BF4B-00C04F79EFBC}") = "AdminUI", "AdminUI\AdminUI.csproj", "{7962DAD5-9656-4A22-BBD8-EE52834B4CEB}"
EndProject
Global
	GlobalSection(SolutionConfigurationPlatforms) = preSolution
		Debug|Any CPU = Debug|Any CPU
		Release|Any CPU = Release|Any CPU
	EndGlobalSection
	GlobalSection(ProjectConfigurationPlatforms) = postSolution
		{D85EC140-F8DF-45F4-A2F7-AA77E717A233}.Debug|Any CPU.ActiveCfg = Debug|Any CPU
		{D85EC140-F8DF-45F4-A2F7-AA77E717A233}.Debug|Any CPU.Build.0 = Debug|Any CPU
		{D85EC140-F8DF-45F4-A2F7-AA77E717A233}.Release|Any CPU.ActiveCfg = Release|Any CPU
		{D85EC140-F8DF-45F4-A2F7-AA77E717A233}.Release|Any CPU.Build.0 = Release|Any CPU
		{5C5BCB42-1BBA-4875-A361-AFCD82129166}.Debug|Any CPU.ActiveCfg = Debug|Any CPU
		{5C5BCB42-1BBA-4875-A361-AFCD82129166}.Debug|Any CPU.Build.0 = Debug|Any CPU
		{5C5BCB42-1BBA-4875-A361-AFCD82129166}.Release|Any CPU.ActiveCfg = Release|Any CPU
		{5C5BCB42-1BBA-4875-A361-AFCD82129166}.Release|Any CPU.Build.0 = Release|Any CPU
		{7962DAD5-9656-4A22-BBD8-EE52834B4CEB}.Debug|Any CPU.ActiveCfg = Debug|Any CPU
		{7962DAD5-9656-4A22-BBD8-EE52834B4CEB}.Debug|Any CPU.Build.0 = Debug|Any CPU
		{7962DAD5-9656-4A22-BBD8-EE52834B4CEB}.Release|Any CPU.ActiveCfg = Release|Any CPU
		{7962DAD5-9656-4A22-BBD8-EE52834B4CEB}.Release|Any CPU.Build.0 = Release|Any CPU
	EndGlobalSection
	GlobalSection(SolutionProperties) = preSolution
		HideSolutionNode = FALSE
	EndGlobalSection
	GlobalSection(ExtensibilityGlobals) = postSolution
		SolutionGuid = {665D97EF-8BAD-4C9B-909B-02F0B7D5BC61}
	EndGlobalSection
EndGlobal
